// !$*UTF8*$!
{
	archiveVersion = 1;
	classes = {
	};
	objectVersion = 56;
	objects = {

/* Begin PBXBuildFile section */
		0459499F29F251B100A2CF95 /* AppDelegate.swift in Sources */ = {isa = PBXBuildFile; fileRef = 0459499E29F251B100A2CF95 /* AppDelegate.swift */; };
		045949A129F251B100A2CF95 /* SceneDelegate.swift in Sources */ = {isa = PBXBuildFile; fileRef = 045949A029F251B100A2CF95 /* SceneDelegate.swift */; };
		045949A329F251B100A2CF95 /* ViewController.swift in Sources */ = {isa = PBXBuildFile; fileRef = 045949A229F251B100A2CF95 /* ViewController.swift */; };
		045949A629F251B100A2CF95 /* Main.storyboard in Resources */ = {isa = PBXBuildFile; fileRef = 045949A429F251B100A2CF95 /* Main.storyboard */; };
		045949A929F251B100A2CF95 /* PinkBook.xcdatamodeld in Sources */ = {isa = PBXBuildFile; fileRef = 045949A729F251B100A2CF95 /* PinkBook.xcdatamodeld */; };
		045949AB29F251B200A2CF95 /* Assets.xcassets in Resources */ = {isa = PBXBuildFile; fileRef = 045949AA29F251B200A2CF95 /* Assets.xcassets */; };
		045949AE29F251B200A2CF95 /* LaunchScreen.storyboard in Resources */ = {isa = PBXBuildFile; fileRef = 045949AC29F251B200A2CF95 /* LaunchScreen.storyboard */; };
		FC05F3BF14E7C7977A277308 /* Pods_PinkBook.framework in Frameworks */ = {isa = PBXBuildFile; fileRef = A2BCFB95186FB0A84CC12F1D /* Pods_PinkBook.framework */; };
/* End PBXBuildFile section */

/* Begin PBXFileReference section */
		0459499B29F251B100A2CF95 /* PinkBook.app */ = {isa = PBXFileReference; explicitFileType = wrapper.application; includeInIndex = 0; path = PinkBook.app; sourceTree = BUILT_PRODUCTS_DIR; };
		0459499E29F251B100A2CF95 /* AppDelegate.swift */ = {isa = PBXFileReference; lastKnownFileType = sourcecode.swift; path = AppDelegate.swift; sourceTree = "<group>"; };
		045949A029F251B100A2CF95 /* SceneDelegate.swift */ = {isa = PBXFileReference; lastKnownFileType = sourcecode.swift; path = SceneDelegate.swift; sourceTree = "<group>"; };
		045949A229F251B100A2CF95 /* ViewController.swift */ = {isa = PBXFileReference; lastKnownFileType = sourcecode.swift; path = ViewController.swift; sourceTree = "<group>"; };
		045949A529F251B100A2CF95 /* Base */ = {isa = PBXFileReference; lastKnownFileType = file.storyboard; name = Base; path = Base.lproj/Main.storyboard; sourceTree = "<group>"; };
		045949A829F251B100A2CF95 /* PinkBook.xcdatamodel */ = {isa = PBXFileReference; lastKnownFileType = wrapper.xcdatamodel; path = PinkBook.xcdatamodel; sourceTree = "<group>"; };
		045949AA29F251B200A2CF95 /* Assets.xcassets */ = {isa = PBXFileReference; lastKnownFileType = folder.assetcatalog; path = Assets.xcassets; sourceTree = "<group>"; };
		045949AD29F251B200A2CF95 /* Base */ = {isa = PBXFileReference; lastKnownFileType = file.storyboard; name = Base; path = Base.lproj/LaunchScreen.storyboard; sourceTree = "<group>"; };
		045949AF29F251B200A2CF95 /* Info.plist */ = {isa = PBXFileReference; lastKnownFileType = text.plist.xml; path = Info.plist; sourceTree = "<group>"; };
		1B6E707C486A179323367821 /* Pods-PinkBook.release.xcconfig */ = {isa = PBXFileReference; includeInIndex = 1; lastKnownFileType = text.xcconfig; name = "Pods-PinkBook.release.xcconfig"; path = "Target Support Files/Pods-PinkBook/Pods-PinkBook.release.xcconfig"; sourceTree = "<group>"; };
		899780B03B28B829C64461BB /* Pods-PinkBook.debug.xcconfig */ = {isa = PBXFileReference; includeInIndex = 1; lastKnownFileType = text.xcconfig; name = "Pods-PinkBook.debug.xcconfig"; path = "Target Support Files/Pods-PinkBook/Pods-PinkBook.debug.xcconfig"; sourceTree = "<group>"; };
		A2BCFB95186FB0A84CC12F1D /* Pods_PinkBook.framework */ = {isa = PBXFileReference; explicitFileType = wrapper.framework; includeInIndex = 0; path = Pods_PinkBook.framework; sourceTree = BUILT_PRODUCTS_DIR; };
/* End PBXFileReference section */

/* Begin PBXFrameworksBuildPhase section */
		0459499829F251B100A2CF95 /* Frameworks */ = {
			isa = PBXFrameworksBuildPhase;
			buildActionMask = 2147483647;
			files = (
				FC05F3BF14E7C7977A277308 /* Pods_PinkBook.framework in Frameworks */,
			);
			runOnlyForDeploymentPostprocessing = 0;
		};
/* End PBXFrameworksBuildPhase section */

/* Begin PBXGroup section */
		0459499229F251B100A2CF95 = {
			isa = PBXGroup;
			children = (
				0459499D29F251B100A2CF95 /* PinkBook */,
				0459499C29F251B100A2CF95 /* Products */,
				699490360F672E4740731351 /* Pods */,
				5E68D27AB4E59F143BD3CEE1 /* Frameworks */,
			);
			sourceTree = "<group>";
		};
		0459499C29F251B100A2CF95 /* Products */ = {
			isa = PBXGroup;
			children = (
				0459499B29F251B100A2CF95 /* PinkBook.app */,
			);
			name = Products;
			sourceTree = "<group>";
		};
		0459499D29F251B100A2CF95 /* PinkBook */ = {
			isa = PBXGroup;
			children = (
				0459499E29F251B100A2CF95 /* AppDelegate.swift */,
				045949A029F251B100A2CF95 /* SceneDelegate.swift */,
				045949A229F251B100A2CF95 /* ViewController.swift */,
				045949A429F251B100A2CF95 /* Main.storyboard */,
				045949AA29F251B200A2CF95 /* Assets.xcassets */,
				045949AC29F251B200A2CF95 /* LaunchScreen.storyboard */,
				045949AF29F251B200A2CF95 /* Info.plist */,
				045949A729F251B100A2CF95 /* PinkBook.xcdatamodeld */,
			);
			path = PinkBook;
			sourceTree = "<group>";
		};
		5E68D27AB4E59F143BD3CEE1 /* Frameworks */ = {
			isa = PBXGroup;
			children = (
				A2BCFB95186FB0A84CC12F1D /* Pods_PinkBook.framework */,
			);
			name = Frameworks;
			sourceTree = "<group>";
		};
		699490360F672E4740731351 /* Pods */ = {
			isa = PBXGroup;
			children = (
				899780B03B28B829C64461BB /* Pods-PinkBook.debug.xcconfig */,
				1B6E707C486A179323367821 /* Pods-PinkBook.release.xcconfig */,
			);
			name = Pods;
			path = Pods;
			sourceTree = "<group>";
		};
/* End PBXGroup section */

/* Begin PBXNativeTarget section */
		0459499A29F251B100A2CF95 /* PinkBook */ = {
			isa = PBXNativeTarget;
			buildConfigurationList = 045949B229F251B200A2CF95 /* Build configuration list for PBXNativeTarget "PinkBook" */;
			buildPhases = (
				A64B30A2D9D72200331EE110 /* [CP] Check Pods Manifest.lock */,
				0459499729F251B100A2CF95 /* Sources */,
				0459499829F251B100A2CF95 /* Frameworks */,
				0459499929F251B100A2CF95 /* Resources */,
				39DCBE3E5155DF926751E989 /* [CP] Embed Pods Frameworks */,
			);
			buildRules = (
			);
			dependencies = (
			);
			name = PinkBook;
			productName = PinkBook;
			productReference = 0459499B29F251B100A2CF95 /* PinkBook.app */;
			productType = "com.apple.product-type.application";
		};
/* End PBXNativeTarget section */

/* Begin PBXProject section */
		0459499329F251B100A2CF95 /* Project object */ = {
			isa = PBXProject;
			attributes = {
				BuildIndependentTargetsInParallel = 1;
				LastSwiftUpdateCheck = 1430;
				LastUpgradeCheck = 1430;
				TargetAttributes = {
					0459499A29F251B100A2CF95 = {
						CreatedOnToolsVersion = 14.3;
					};
				};
			};
			buildConfigurationList = 0459499629F251B100A2CF95 /* Build configuration list for PBXProject "PinkBook" */;
			compatibilityVersion = "Xcode 14.0";
			developmentRegion = en;
			hasScannedForEncodings = 0;
			knownRegions = (
				en,
				Base,
			);
			mainGroup = 0459499229F251B100A2CF95;
			productRefGroup = 0459499C29F251B100A2CF95 /* Products */;
			projectDirPath = "";
			projectRoot = "";
			targets = (
				0459499A29F251B100A2CF95 /* PinkBook */,
			);
		};
/* End PBXProject section */

/* Begin PBXResourcesBuildPhase section */
		0459499929F251B100A2CF95 /* Resources */ = {
			isa = PBXResourcesBuildPhase;
			buildActionMask = 2147483647;
			files = (
				045949AE29F251B200A2CF95 /* LaunchScreen.storyboard in Resources */,
				045949AB29F251B200A2CF95 /* Assets.xcassets in Resources */,
				045949A629F251B100A2CF95 /* Main.storyboard in Resources */,
			);
			runOnlyForDeploymentPostprocessing = 0;
		};
/* End PBXResourcesBuildPhase section */

/* Begin PBXShellScriptBuildPhase section */
		39DCBE3E5155DF926751E989 /* [CP] Embed Pods Frameworks */ = {
			isa = PBXShellScriptBuildPhase;
			buildActionMask = 2147483647;
			files = (
			);
			inputFileListPaths = (
				"${PODS_ROOT}/Target Support Files/Pods-PinkBook/Pods-PinkBook-frameworks-${CONFIGURATION}-input-files.xcfilelist",
			);
			name = "[CP] Embed Pods Frameworks";
			outputFileListPaths = (
				"${PODS_ROOT}/Target Support Files/Pods-PinkBook/Pods-PinkBook-frameworks-${CONFIGURATION}-output-files.xcfilelist",
			);
			runOnlyForDeploymentPostprocessing = 0;
			shellPath = /bin/sh;
			shellScript = "\"${PODS_ROOT}/Target Support Files/Pods-PinkBook/Pods-PinkBook-frameworks.sh\"\n";
			showEnvVarsInLog = 0;
		};
		A64B30A2D9D72200331EE110 /* [CP] Check Pods Manifest.lock */ = {
			isa = PBXShellScriptBuildPhase;
			buildActionMask = 2147483647;
			files = (
			);
			inputFileListPaths = (
			);
			inputPaths = (
				"${PODS_PODFILE_DIR_PATH}/Podfile.lock",
				"${PODS_ROOT}/Manifest.lock",
			);
			name = "[CP] Check Pods Manifest.lock";
			outputFileListPaths = (
			);
			outputPaths = (
				"$(DERIVED_FILE_DIR)/Pods-PinkBook-checkManifestLockResult.txt",
			);
			runOnlyForDeploymentPostprocessing = 0;
			shellPath = /bin/sh;
			shellScript = "diff \"${PODS_PODFILE_DIR_PATH}/Podfile.lock\" \"${PODS_ROOT}/Manifest.lock\" > /dev/null\nif [ $? != 0 ] ; then\n    # print error to STDERR\n    echo \"error: The sandbox is not in sync with the Podfile.lock. Run 'pod install' or update your CocoaPods installation.\" >&2\n    exit 1\nfi\n# This output is used by Xcode 'outputs' to avoid re-running this script phase.\necho \"SUCCESS\" > \"${SCRIPT_OUTPUT_FILE_0}\"\n";
			showEnvVarsInLog = 0;
		};
/* End PBXShellScriptBuildPhase section */

/* Begin PBXSourcesBuildPhase section */
		0459499729F251B100A2CF95 /* Sources */ = {
			isa = PBXSourcesBuildPhase;
			buildActionMask = 2147483647;
			files = (
				045949A329F251B100A2CF95 /* ViewController.swift in Sources */,
				0459499F29F251B100A2CF95 /* AppDelegate.swift in Sources */,
				045949A929F251B100A2CF95 /* PinkBook.xcdatamodeld in Sources */,
				045949A129F251B100A2CF95 /* SceneDelegate.swift in Sources */,
			);
			runOnlyForDeploymentPostprocessing = 0;
		};
/* End PBXSourcesBuildPhase section */

/* Begin PBXVariantGroup section */
		045949A429F251B100A2CF95 /* Main.storyboard */ = {
			isa = PBXVariantGroup;
			children = (
				045949A529F251B100A2CF95 /* Base */,
			);
			name = Main.storyboard;
			sourceTree = "<group>";
		};
		045949AC29F251B200A2CF95 /* LaunchScreen.storyboard */ = {
			isa = PBXVariantGroup;
			children = (
				045949AD29F251B200A2CF95 /* Base */,
			);
			name = LaunchScreen.storyboard;
			sourceTree = "<group>";
		};
/* End PBXVariantGroup section */

/* Begin XCBuildConfiguration section */
		045949B029F251B200A2CF95 /* Debug */ = {
			isa = XCBuildConfiguration;
			buildSettings = {
				ALWAYS_SEARCH_USER_PATHS = NO;
				CLANG_ANALYZER_NONNULL = YES;
				CLANG_ANALYZER_NUMBER_OBJECT_CONVERSION = YES_AGGRESSIVE;
				CLANG_CXX_LANGUAGE_STANDARD = "gnu++20";
				CLANG_ENABLE_MODULES = YES;
				CLANG_ENABLE_OBJC_ARC = YES;
				CLANG_ENABLE_OBJC_WEAK = YES;
				CLANG_WARN_BLOCK_CAPTURE_AUTORELEASING = YES;
				CLANG_WARN_BOOL_CONVERSION = YES;
				CLANG_WARN_COMMA = YES;
				CLANG_WARN_CONSTANT_CONVERSION = YES;
				CLANG_WARN_DEPRECATED_OBJC_IMPLEMENTATIONS = YES;
				CLANG_WARN_DIRECT_OBJC_ISA_USAGE = YES_ERROR;
				CLANG_WARN_DOCUMENTATION_COMMENTS = YES;
				CLANG_WARN_EMPTY_BODY = YES;
				CLANG_WARN_ENUM_CONVERSION = YES;
				CLANG_WARN_INFINITE_RECURSION = YES;
				CLANG_WARN_INT_CONVERSION = YES;
				CLANG_WARN_NON_LITERAL_NULL_CONVERSION = YES;
				CLANG_WARN_OBJC_IMPLICIT_RETAIN_SELF = YES;
				CLANG_WARN_OBJC_LITERAL_CONVERSION = YES;
				CLANG_WARN_OBJC_ROOT_CLASS = YES_ERROR;
				CLANG_WARN_QUOTED_INCLUDE_IN_FRAMEWORK_HEADER = YES;
				CLANG_WARN_RANGE_LOOP_ANALYSIS = YES;
				CLANG_WARN_STRICT_PROTOTYPES = YES;
				CLANG_WARN_SUSPICIOUS_MOVE = YES;
				CLANG_WARN_UNGUARDED_AVAILABILITY = YES_AGGRESSIVE;
				CLANG_WARN_UNREACHABLE_CODE = YES;
				CLANG_WARN__DUPLICATE_METHOD_MATCH = YES;
				COPY_PHASE_STRIP = NO;
				DEBUG_INFORMATION_FORMAT = dwarf;
				ENABLE_STRICT_OBJC_MSGSEND = YES;
				ENABLE_TESTABILITY = YES;
				GCC_C_LANGUAGE_STANDARD = gnu11;
				GCC_DYNAMIC_NO_PIC = NO;
				GCC_NO_COMMON_BLOCKS = YES;
				GCC_OPTIMIZATION_LEVEL = 0;
				GCC_PREPROCESSOR_DEFINITIONS = (
					"DEBUG=1",
					"$(inherited)",
				);
				GCC_WARN_64_TO_32_BIT_CONVERSION = YES;
				GCC_WARN_ABOUT_RETURN_TYPE = YES_ERROR;
				GCC_WARN_UNDECLARED_SELECTOR = YES;
				GCC_WARN_UNINITIALIZED_AUTOS = YES_AGGRESSIVE;
				GCC_WARN_UNUSED_FUNCTION = YES;
				GCC_WARN_UNUSED_VARIABLE = YES;
				IPHONEOS_DEPLOYMENT_TARGET = 16.4;
				MTL_ENABLE_DEBUG_INFO = INCLUDE_SOURCE;
				MTL_FAST_MATH = YES;
				ONLY_ACTIVE_ARCH = YES;
				SDKROOT = iphoneos;
				SWIFT_ACTIVE_COMPILATION_CONDITIONS = DEBUG;
				SWIFT_OPTIMIZATION_LEVEL = "-Onone";
			};
			name = Debug;
		};
		045949B129F251B200A2CF95 /* Release */ = {
			isa = XCBuildConfiguration;
			buildSettings = {
				ALWAYS_SEARCH_USER_PATHS = NO;
				CLANG_ANALYZER_NONNULL = YES;
				CLANG_ANALYZER_NUMBER_OBJECT_CONVERSION = YES_AGGRESSIVE;
				CLANG_CXX_LANGUAGE_STANDARD = "gnu++20";
				CLANG_ENABLE_MODULES = YES;
				CLANG_ENABLE_OBJC_ARC = YES;
				CLANG_ENABLE_OBJC_WEAK = YES;
				CLANG_WARN_BLOCK_CAPTURE_AUTORELEASING = YES;
				CLANG_WARN_BOOL_CONVERSION = YES;
				CLANG_WARN_COMMA = YES;
				CLANG_WARN_CONSTANT_CONVERSION = YES;
				CLANG_WARN_DEPRECATED_OBJC_IMPLEMENTATIONS = YES;
				CLANG_WARN_DIRECT_OBJC_ISA_USAGE = YES_ERROR;
				CLANG_WARN_DOCUMENTATION_COMMENTS = YES;
				CLANG_WARN_EMPTY_BODY = YES;
				CLANG_WARN_ENUM_CONVERSION = YES;
				CLANG_WARN_INFINITE_RECURSION = YES;
				CLANG_WARN_INT_CONVERSION = YES;
				CLANG_WARN_NON_LITERAL_NULL_CONVERSION = YES;
				CLANG_WARN_OBJC_IMPLICIT_RETAIN_SELF = YES;
				CLANG_WARN_OBJC_LITERAL_CONVERSION = YES;
				CLANG_WARN_OBJC_ROOT_CLASS = YES_ERROR;
				CLANG_WARN_QUOTED_INCLUDE_IN_FRAMEWORK_HEADER = YES;
				CLANG_WARN_RANGE_LOOP_ANALYSIS = YES;
				CLANG_WARN_STRICT_PROTOTYPES = YES;
				CLANG_WARN_SUSPICIOUS_MOVE = YES;
				CLANG_WARN_UNGUARDED_AVAILABILITY = YES_AGGRESSIVE;
				CLANG_WARN_UNREACHABLE_CODE = YES;
				CLANG_WARN__DUPLICATE_METHOD_MATCH = YES;
				COPY_PHASE_STRIP = NO;
				DEBUG_INFORMATION_FORMAT = "dwarf-with-dsym";
				ENABLE_NS_ASSERTIONS = NO;
				ENABLE_STRICT_OBJC_MSGSEND = YES;
				GCC_C_LANGUAGE_STANDARD = gnu11;
				GCC_NO_COMMON_BLOCKS = YES;
				GCC_WARN_64_TO_32_BIT_CONVERSION = YES;
				GCC_WARN_ABOUT_RETURN_TYPE = YES_ERROR;
				GCC_WARN_UNDECLARED_SELECTOR = YES;
				GCC_WARN_UNINITIALIZED_AUTOS = YES_AGGRESSIVE;
				GCC_WARN_UNUSED_FUNCTION = YES;
				GCC_WARN_UNUSED_VARIABLE = YES;
				IPHONEOS_DEPLOYMENT_TARGET = 16.4;
				MTL_ENABLE_DEBUG_INFO = NO;
				MTL_FAST_MATH = YES;
				SDKROOT = iphoneos;
				SWIFT_COMPILATION_MODE = wholemodule;
				SWIFT_OPTIMIZATION_LEVEL = "-O";
				VALIDATE_PRODUCT = YES;
			};
			name = Release;
		};
		045949B329F251B200A2CF95 /* Debug */ = {
			isa = XCBuildConfiguration;
			baseConfigurationReference = 899780B03B28B829C64461BB /* Pods-PinkBook.debug.xcconfig */;
			buildSettings = {
				ASSETCATALOG_COMPILER_APPICON_NAME = AppIcon;
				ASSETCATALOG_COMPILER_GLOBAL_ACCENT_COLOR_NAME = AccentColor;
				CODE_SIGN_STYLE = Automatic;
				CURRENT_PROJECT_VERSION = 1;
				DEVELOPMENT_TEAM = 7DR2VQYR3G;
				GENERATE_INFOPLIST_FILE = YES;
				INFOPLIST_FILE = PinkBook/Info.plist;
				INFOPLIST_KEY_UIApplicationSupportsIndirectInputEvents = YES;
				INFOPLIST_KEY_UILaunchStoryboardName = LaunchScreen;
				INFOPLIST_KEY_UIMainStoryboardFile = Main;
				INFOPLIST_KEY_UISupportedInterfaceOrientations_iPad = "UIInterfaceOrientationPortrait UIInterfaceOrientationPortraitUpsideDown UIInterfaceOrientationLandscapeLeft UIInterfaceOrientationLandscapeRight";
				INFOPLIST_KEY_UISupportedInterfaceOrientations_iPhone = "UIInterfaceOrientationPortrait UIInterfaceOrientationLandscapeLeft UIInterfaceOrientationLandscapeRight";
				LD_RUNPATH_SEARCH_PATHS = (
					"$(inherited)",
					"@executable_path/Frameworks",
				);
				MARKETING_VERSION = 1.0;
				PRODUCT_BUNDLE_IDENTIFIER = com.beidixiaoxiong.PinkBook;
				PRODUCT_NAME = "$(TARGET_NAME)";
				SWIFT_EMIT_LOC_STRINGS = YES;
				SWIFT_VERSION = 5.0;
				TARGETED_DEVICE_FAMILY = "1,2";
			};
			name = Debug;
		};
		045949B429F251B200A2CF95 /* Release */ = {
			isa = XCBuildConfiguration;
			baseConfigurationReference = 1B6E707C486A179323367821 /* Pods-PinkBook.release.xcconfig */;
			buildSettings = {
				ASSETCATALOG_COMPILER_APPICON_NAME = AppIcon;
				ASSETCATALOG_COMPILER_GLOBAL_ACCENT_COLOR_NAME = AccentColor;
				CODE_SIGN_STYLE = Automatic;
				CURRENT_PROJECT_VERSION = 1;
				DEVELOPMENT_TEAM = 7DR2VQYR3G;
				GENERATE_INFOPLIST_FILE = YES;
				INFOPLIST_FILE = PinkBook/Info.plist;
				INFOPLIST_KEY_UIApplicationSupportsIndirectInputEvents = YES;
				INFOPLIST_KEY_UILaunchStoryboardName = LaunchScreen;
				INFOPLIST_KEY_UIMainStoryboardFile = Main;
				INFOPLIST_KEY_UISupportedInterfaceOrientations_iPad = "UIInterfaceOrientationPortrait UIInterfaceOrientationPortraitUpsideDown UIInterfaceOrientationLandscapeLeft UIInterfaceOrientationLandscapeRight";
				INFOPLIST_KEY_UISupportedInterfaceOrientations_iPhone = "UIInterfaceOrientationPortrait UIInterfaceOrientationLandscapeLeft UIInterfaceOrientationLandscapeRight";
				LD_RUNPATH_SEARCH_PATHS = (
					"$(inherited)",
					"@executable_path/Frameworks",
				);
				MARKETING_VERSION = 1.0;
				PRODUCT_BUNDLE_IDENTIFIER = com.beidixiaoxiong.PinkBook;
				PRODUCT_NAME = "$(TARGET_NAME)";
				SWIFT_EMIT_LOC_STRINGS = YES;
				SWIFT_VERSION = 5.0;
				TARGETED_DEVICE_FAMILY = "1,2";
			};
			name = Release;
		};
/* End XCBuildConfiguration section */

/* Begin XCConfigurationList section */
		0459499629F251B100A2CF95 /* Build configuration list for PBXProject "PinkBook" */ = {
			isa = XCConfigurationList;
			buildConfigurations = (
				045949B029F251B200A2CF95 /* Debug */,
				045949B129F251B200A2CF95 /* Release */,
			);
			defaultConfigurationIsVisible = 0;
			defaultConfigurationName = Release;
		};
		045949B229F251B200A2CF95 /* Build configuration list for PBXNativeTarget "PinkBook" */ = {
			isa = XCConfigurationList;
			buildConfigurations = (
				045949B329F251B200A2CF95 /* Debug */,
				045949B429F251B200A2CF95 /* Release */,
			);
			defaultConfigurationIsVisible = 0;
			defaultConfigurationName = Release;
		};
/* End XCConfigurationList section */

/* Begin XCVersionGroup section */
		045949A729F251B100A2CF95 /* PinkBook.xcdatamodeld */ = {
			isa = XCVersionGroup;
			children = (
				045949A829F251B100A2CF95 /* PinkBook.xcdatamodel */,
			);
			currentVersion = 045949A829F251B100A2CF95 /* PinkBook.xcdatamodel */;
			path = PinkBook.xcdatamodeld;
			sourceTree = "<group>";
			versionGroupType = wrapper.xcdatamodel;
		};
/* End XCVersionGroup section */
	};
	rootObject = 0459499329F251B100A2CF95 /* Project object */;
}
