// !$*UTF8*$!
{
	archiveVersion = 1;
	classes = {
	};
	objectVersion = 56;
	objects = {

/* Begin PBXBuildFile section */
		0452C9962A0B5E37001C5275 /* LimitedTextView.swift in Sources */ = {isa = PBXBuildFile; fileRef = 0452C9952A0B5E37001C5275 /* LimitedTextView.swift */; };
		0452C9982A0B5EC9001C5275 /* LimitedTextField.swift in Sources */ = {isa = PBXBuildFile; fileRef = 0452C9972A0B5EC9001C5275 /* LimitedTextField.swift */; };
		0452C99A2A0CC505001C5275 /* TextViewIAView.xib in Resources */ = {isa = PBXBuildFile; fileRef = 0452C9992A0CC505001C5275 /* TextViewIAView.xib */; };
		0452C99C2A0CC57A001C5275 /* TextViewIAView.swift in Sources */ = {isa = PBXBuildFile; fileRef = 0452C99B2A0CC57A001C5275 /* TextViewIAView.swift */; };
		0452C99E2A0CE56D001C5275 /* PlusModel.swift in Sources */ = {isa = PBXBuildFile; fileRef = 0452C99D2A0CE56D001C5275 /* PlusModel.swift */; };
		0452C9A02A0CE9A6001C5275 /* ChannelViewController.swift in Sources */ = {isa = PBXBuildFile; fileRef = 0452C99F2A0CE9A6001C5275 /* ChannelViewController.swift */; };
		0459499F29F251B100A2CF95 /* AppDelegate.swift in Sources */ = {isa = PBXBuildFile; fileRef = 0459499E29F251B100A2CF95 /* AppDelegate.swift */; };
		045949A129F251B100A2CF95 /* SceneDelegate.swift in Sources */ = {isa = PBXBuildFile; fileRef = 045949A029F251B100A2CF95 /* SceneDelegate.swift */; };
		045949A629F251B100A2CF95 /* Main.storyboard in Resources */ = {isa = PBXBuildFile; fileRef = 045949A429F251B100A2CF95 /* Main.storyboard */; };
		045949A929F251B100A2CF95 /* PinkBook.xcdatamodeld in Sources */ = {isa = PBXBuildFile; fileRef = 045949A729F251B100A2CF95 /* PinkBook.xcdatamodeld */; };
		045949AB29F251B200A2CF95 /* Assets.xcassets in Resources */ = {isa = PBXBuildFile; fileRef = 045949AA29F251B200A2CF95 /* Assets.xcassets */; };
		045949AE29F251B200A2CF95 /* LaunchScreen.storyboard in Resources */ = {isa = PBXBuildFile; fileRef = 045949AC29F251B200A2CF95 /* LaunchScreen.storyboard */; };
		045949D029F25DC900A2CF95 /* HomeViewController.swift in Sources */ = {isa = PBXBuildFile; fileRef = 045949CF29F25DC900A2CF95 /* HomeViewController.swift */; };
		045949D329F25E2200A2CF95 /* BaseViewController.swift in Sources */ = {isa = PBXBuildFile; fileRef = 045949D229F25E2200A2CF95 /* BaseViewController.swift */; };
		045949D529F25E8800A2CF95 /* BaseViewModel.swift in Sources */ = {isa = PBXBuildFile; fileRef = 045949D429F25E8800A2CF95 /* BaseViewModel.swift */; };
		045949D729F25EED00A2CF95 /* ColorExtension.swift in Sources */ = {isa = PBXBuildFile; fileRef = 045949D629F25EED00A2CF95 /* ColorExtension.swift */; };
		045949D929F25F5D00A2CF95 /* FontExtension.swift in Sources */ = {isa = PBXBuildFile; fileRef = 045949D829F25F5D00A2CF95 /* FontExtension.swift */; };
		045949DB29F26F6500A2CF95 /* FollowViewController.swift in Sources */ = {isa = PBXBuildFile; fileRef = 045949DA29F26F6500A2CF95 /* FollowViewController.swift */; };
		045949DD29F26FB000A2CF95 /* DiscoverViewController.swift in Sources */ = {isa = PBXBuildFile; fileRef = 045949DC29F26FB000A2CF95 /* DiscoverViewController.swift */; };
		045949DF29F26FCA00A2CF95 /* NearbyViewController.swift in Sources */ = {isa = PBXBuildFile; fileRef = 045949DE29F26FCA00A2CF95 /* NearbyViewController.swift */; };
		045949E129F299C700A2CF95 /* HomeModel.swift in Sources */ = {isa = PBXBuildFile; fileRef = 045949E029F299C700A2CF95 /* HomeModel.swift */; };
		045949E329F6527900A2CF95 /* ListContainerViewController.swift in Sources */ = {isa = PBXBuildFile; fileRef = 045949E229F6527900A2CF95 /* ListContainerViewController.swift */; };
		045E32342A1B5AE200ACDD09 /* POIViewController.swift in Sources */ = {isa = PBXBuildFile; fileRef = 045E32332A1B5AE200ACDD09 /* POIViewController.swift */; };
		045E32372A1C6B4200ACDD09 /* POITableViewCell.swift in Sources */ = {isa = PBXBuildFile; fileRef = 045E32362A1C6B4200ACDD09 /* POITableViewCell.swift */; };
		045E32392A1C839200ACDD09 /* POIRequestLocation.swift in Sources */ = {isa = PBXBuildFile; fileRef = 045E32382A1C839200ACDD09 /* POIRequestLocation.swift */; };
		045E323B2A1EF2FC00ACDD09 /* POIKeywordsSearchRequest.swift in Sources */ = {isa = PBXBuildFile; fileRef = 045E323A2A1EF2FC00ACDD09 /* POIKeywordsSearchRequest.swift */; };
		0462731C29FA3BBE006273EB /* README.md in Resources */ = {isa = PBXBuildFile; fileRef = 0462731B29FA3BBE006273EB /* README.md */; };
		0462732529FA496D006273EB /* InfoPlist.strings in Resources */ = {isa = PBXBuildFile; fileRef = 0462732729FA496D006273EB /* InfoPlist.strings */; };
		0462732829FA4978006273EB /* Localizable.strings in Resources */ = {isa = PBXBuildFile; fileRef = 0462732A29FA4978006273EB /* Localizable.strings */; };
		0462732C29FA4BF6006273EB /* BaseTabBarViewController.swift in Sources */ = {isa = PBXBuildFile; fileRef = 0462732B29FA4BF6006273EB /* BaseTabBarViewController.swift */; };
		0462732E29FA4D84006273EB /* PlusViewController.swift in Sources */ = {isa = PBXBuildFile; fileRef = 0462732D29FA4D84006273EB /* PlusViewController.swift */; };
		0482477B29F8D06000843EAB /* ListContainerCollectionViewCell.swift in Sources */ = {isa = PBXBuildFile; fileRef = 0482477A29F8D06000843EAB /* ListContainerCollectionViewCell.swift */; };
		0482477D29F8D25300843EAB /* Constents.swift in Sources */ = {isa = PBXBuildFile; fileRef = 0482477C29F8D25300843EAB /* Constents.swift */; };
		04965AAD2A04C62D006D48EA /* ExtensionAll.swift in Sources */ = {isa = PBXBuildFile; fileRef = 04965AAC2A04C62D006D48EA /* ExtensionAll.swift */; };
		04965AAF2A04E80D006D48EA /* NoteEditViewController.swift in Sources */ = {isa = PBXBuildFile; fileRef = 04965AAE2A04E80D006D48EA /* NoteEditViewController.swift */; };
		04965AB12A04E99C006D48EA /* NoteEditCell.swift in Sources */ = {isa = PBXBuildFile; fileRef = 04965AB02A04E99C006D48EA /* NoteEditCell.swift */; };
		04965AB32A06250D006D48EA /* NoteEditReusableView.swift in Sources */ = {isa = PBXBuildFile; fileRef = 04965AB22A06250D006D48EA /* NoteEditReusableView.swift */; };
		04C04CBE2A124BF500103532 /* ListChannelViewController.swift in Sources */ = {isa = PBXBuildFile; fileRef = 04C04CBD2A124BF500103532 /* ListChannelViewController.swift */; };
		04C04CC02A124E6100103532 /* ChannelCollectionViewCell.swift in Sources */ = {isa = PBXBuildFile; fileRef = 04C04CBF2A124E6100103532 /* ChannelCollectionViewCell.swift */; };
		04C04CC22A13822D00103532 /* ListChannelTableViewController.swift in Sources */ = {isa = PBXBuildFile; fileRef = 04C04CC12A13822D00103532 /* ListChannelTableViewController.swift */; };
		04C04CC42A13883B00103532 /* ChannelTableViewCell.swift in Sources */ = {isa = PBXBuildFile; fileRef = 04C04CC32A13883B00103532 /* ChannelTableViewCell.swift */; };
		FC05F3BF14E7C7977A277308 /* Pods_PinkBook.framework in Frameworks */ = {isa = PBXBuildFile; fileRef = A2BCFB95186FB0A84CC12F1D /* Pods_PinkBook.framework */; };
/* End PBXBuildFile section */

/* Begin PBXFileReference section */
		0452C9952A0B5E37001C5275 /* LimitedTextView.swift */ = {isa = PBXFileReference; lastKnownFileType = sourcecode.swift; path = LimitedTextView.swift; sourceTree = "<group>"; };
		0452C9972A0B5EC9001C5275 /* LimitedTextField.swift */ = {isa = PBXFileReference; lastKnownFileType = sourcecode.swift; path = LimitedTextField.swift; sourceTree = "<group>"; };
		0452C9992A0CC505001C5275 /* TextViewIAView.xib */ = {isa = PBXFileReference; lastKnownFileType = file.xib; path = TextViewIAView.xib; sourceTree = "<group>"; };
		0452C99B2A0CC57A001C5275 /* TextViewIAView.swift */ = {isa = PBXFileReference; lastKnownFileType = sourcecode.swift; path = TextViewIAView.swift; sourceTree = "<group>"; };
		0452C99D2A0CE56D001C5275 /* PlusModel.swift */ = {isa = PBXFileReference; lastKnownFileType = sourcecode.swift; path = PlusModel.swift; sourceTree = "<group>"; };
		0452C99F2A0CE9A6001C5275 /* ChannelViewController.swift */ = {isa = PBXFileReference; lastKnownFileType = sourcecode.swift; path = ChannelViewController.swift; sourceTree = "<group>"; };
		0459499B29F251B100A2CF95 /* PinkBook.app */ = {isa = PBXFileReference; explicitFileType = wrapper.application; includeInIndex = 0; path = PinkBook.app; sourceTree = BUILT_PRODUCTS_DIR; };
		0459499E29F251B100A2CF95 /* AppDelegate.swift */ = {isa = PBXFileReference; lastKnownFileType = sourcecode.swift; path = AppDelegate.swift; sourceTree = "<group>"; };
		045949A029F251B100A2CF95 /* SceneDelegate.swift */ = {isa = PBXFileReference; lastKnownFileType = sourcecode.swift; path = SceneDelegate.swift; sourceTree = "<group>"; };
		045949A529F251B100A2CF95 /* Base */ = {isa = PBXFileReference; lastKnownFileType = file.storyboard; name = Base; path = Base.lproj/Main.storyboard; sourceTree = "<group>"; };
		045949A829F251B100A2CF95 /* PinkBook.xcdatamodel */ = {isa = PBXFileReference; lastKnownFileType = wrapper.xcdatamodel; path = PinkBook.xcdatamodel; sourceTree = "<group>"; };
		045949AA29F251B200A2CF95 /* Assets.xcassets */ = {isa = PBXFileReference; lastKnownFileType = folder.assetcatalog; path = Assets.xcassets; sourceTree = "<group>"; };
		045949AD29F251B200A2CF95 /* Base */ = {isa = PBXFileReference; lastKnownFileType = file.storyboard; name = Base; path = Base.lproj/LaunchScreen.storyboard; sourceTree = "<group>"; };
		045949AF29F251B200A2CF95 /* Info.plist */ = {isa = PBXFileReference; lastKnownFileType = text.plist.xml; path = Info.plist; sourceTree = "<group>"; };
		045949CF29F25DC900A2CF95 /* HomeViewController.swift */ = {isa = PBXFileReference; lastKnownFileType = sourcecode.swift; path = HomeViewController.swift; sourceTree = "<group>"; };
		045949D229F25E2200A2CF95 /* BaseViewController.swift */ = {isa = PBXFileReference; lastKnownFileType = sourcecode.swift; path = BaseViewController.swift; sourceTree = "<group>"; };
		045949D429F25E8800A2CF95 /* BaseViewModel.swift */ = {isa = PBXFileReference; lastKnownFileType = sourcecode.swift; path = BaseViewModel.swift; sourceTree = "<group>"; };
		045949D629F25EED00A2CF95 /* ColorExtension.swift */ = {isa = PBXFileReference; lastKnownFileType = sourcecode.swift; path = ColorExtension.swift; sourceTree = "<group>"; };
		045949D829F25F5D00A2CF95 /* FontExtension.swift */ = {isa = PBXFileReference; lastKnownFileType = sourcecode.swift; path = FontExtension.swift; sourceTree = "<group>"; };
		045949DA29F26F6500A2CF95 /* FollowViewController.swift */ = {isa = PBXFileReference; lastKnownFileType = sourcecode.swift; path = FollowViewController.swift; sourceTree = "<group>"; };
		045949DC29F26FB000A2CF95 /* DiscoverViewController.swift */ = {isa = PBXFileReference; lastKnownFileType = sourcecode.swift; path = DiscoverViewController.swift; sourceTree = "<group>"; };
		045949DE29F26FCA00A2CF95 /* NearbyViewController.swift */ = {isa = PBXFileReference; lastKnownFileType = sourcecode.swift; path = NearbyViewController.swift; sourceTree = "<group>"; };
		045949E029F299C700A2CF95 /* HomeModel.swift */ = {isa = PBXFileReference; lastKnownFileType = sourcecode.swift; path = HomeModel.swift; sourceTree = "<group>"; };
		045949E229F6527900A2CF95 /* ListContainerViewController.swift */ = {isa = PBXFileReference; lastKnownFileType = sourcecode.swift; path = ListContainerViewController.swift; sourceTree = "<group>"; };
		045E32332A1B5AE200ACDD09 /* POIViewController.swift */ = {isa = PBXFileReference; lastKnownFileType = sourcecode.swift; path = POIViewController.swift; sourceTree = "<group>"; };
		045E32352A1B6BAD00ACDD09 /* PinkBook-bridging-Header.h */ = {isa = PBXFileReference; lastKnownFileType = sourcecode.c.h; path = "PinkBook-bridging-Header.h"; sourceTree = "<group>"; };
		045E32362A1C6B4200ACDD09 /* POITableViewCell.swift */ = {isa = PBXFileReference; lastKnownFileType = sourcecode.swift; path = POITableViewCell.swift; sourceTree = "<group>"; };
		045E32382A1C839200ACDD09 /* POIRequestLocation.swift */ = {isa = PBXFileReference; lastKnownFileType = sourcecode.swift; path = POIRequestLocation.swift; sourceTree = "<group>"; };
		045E323A2A1EF2FC00ACDD09 /* POIKeywordsSearchRequest.swift */ = {isa = PBXFileReference; lastKnownFileType = sourcecode.swift; path = POIKeywordsSearchRequest.swift; sourceTree = "<group>"; };
		0462731B29FA3BBE006273EB /* README.md */ = {isa = PBXFileReference; lastKnownFileType = net.daringfireball.markdown; path = README.md; sourceTree = "<group>"; };
		0462731D29FA3D96006273EB /* zh-Hans */ = {isa = PBXFileReference; lastKnownFileType = text.plist.strings; name = "zh-Hans"; path = "zh-Hans.lproj/Main.strings"; sourceTree = "<group>"; };
		0462731E29FA3D96006273EB /* zh-Hans */ = {isa = PBXFileReference; lastKnownFileType = text.plist.strings; name = "zh-Hans"; path = "zh-Hans.lproj/LaunchScreen.strings"; sourceTree = "<group>"; };
		0462732629FA496D006273EB /* zh-Hans */ = {isa = PBXFileReference; lastKnownFileType = text.plist.strings; name = "zh-Hans"; path = "zh-Hans.lproj/InfoPlist.strings"; sourceTree = "<group>"; };
		0462732929FA4978006273EB /* zh-Hans */ = {isa = PBXFileReference; lastKnownFileType = text.plist.strings; name = "zh-Hans"; path = "zh-Hans.lproj/Localizable.strings"; sourceTree = "<group>"; };
		0462732B29FA4BF6006273EB /* BaseTabBarViewController.swift */ = {isa = PBXFileReference; lastKnownFileType = sourcecode.swift; path = BaseTabBarViewController.swift; sourceTree = "<group>"; };
		0462732D29FA4D84006273EB /* PlusViewController.swift */ = {isa = PBXFileReference; lastKnownFileType = sourcecode.swift; path = PlusViewController.swift; sourceTree = "<group>"; };
		0482477A29F8D06000843EAB /* ListContainerCollectionViewCell.swift */ = {isa = PBXFileReference; lastKnownFileType = sourcecode.swift; path = ListContainerCollectionViewCell.swift; sourceTree = "<group>"; };
		0482477C29F8D25300843EAB /* Constents.swift */ = {isa = PBXFileReference; lastKnownFileType = sourcecode.swift; path = Constents.swift; sourceTree = "<group>"; };
		04965AAC2A04C62D006D48EA /* ExtensionAll.swift */ = {isa = PBXFileReference; lastKnownFileType = sourcecode.swift; path = ExtensionAll.swift; sourceTree = "<group>"; };
		04965AAE2A04E80D006D48EA /* NoteEditViewController.swift */ = {isa = PBXFileReference; lastKnownFileType = sourcecode.swift; path = NoteEditViewController.swift; sourceTree = "<group>"; };
		04965AB02A04E99C006D48EA /* NoteEditCell.swift */ = {isa = PBXFileReference; lastKnownFileType = sourcecode.swift; path = NoteEditCell.swift; sourceTree = "<group>"; };
		04965AB22A06250D006D48EA /* NoteEditReusableView.swift */ = {isa = PBXFileReference; lastKnownFileType = sourcecode.swift; path = NoteEditReusableView.swift; sourceTree = "<group>"; };
		04C04CBD2A124BF500103532 /* ListChannelViewController.swift */ = {isa = PBXFileReference; lastKnownFileType = sourcecode.swift; path = ListChannelViewController.swift; sourceTree = "<group>"; };
		04C04CBF2A124E6100103532 /* ChannelCollectionViewCell.swift */ = {isa = PBXFileReference; lastKnownFileType = sourcecode.swift; path = ChannelCollectionViewCell.swift; sourceTree = "<group>"; };
		04C04CC12A13822D00103532 /* ListChannelTableViewController.swift */ = {isa = PBXFileReference; lastKnownFileType = sourcecode.swift; path = ListChannelTableViewController.swift; sourceTree = "<group>"; };
		04C04CC32A13883B00103532 /* ChannelTableViewCell.swift */ = {isa = PBXFileReference; lastKnownFileType = sourcecode.swift; path = ChannelTableViewCell.swift; sourceTree = "<group>"; };
		1B6E707C486A179323367821 /* Pods-PinkBook.release.xcconfig */ = {isa = PBXFileReference; includeInIndex = 1; lastKnownFileType = text.xcconfig; name = "Pods-PinkBook.release.xcconfig"; path = "Target Support Files/Pods-PinkBook/Pods-PinkBook.release.xcconfig"; sourceTree = "<group>"; };
		899780B03B28B829C64461BB /* Pods-PinkBook.debug.xcconfig */ = {isa = PBXFileReference; includeInIndex = 1; lastKnownFileType = text.xcconfig; name = "Pods-PinkBook.debug.xcconfig"; path = "Target Support Files/Pods-PinkBook/Pods-PinkBook.debug.xcconfig"; sourceTree = "<group>"; };
		A2BCFB95186FB0A84CC12F1D /* Pods_PinkBook.framework */ = {isa = PBXFileReference; explicitFileType = wrapper.framework; includeInIndex = 0; path = Pods_PinkBook.framework; sourceTree = BUILT_PRODUCTS_DIR; };
/* End PBXFileReference section */

/* Begin PBXFrameworksBuildPhase section */
		0459499829F251B100A2CF95 /* Frameworks */ = {
			isa = PBXFrameworksBuildPhase;
			buildActionMask = 2147483647;
			files = (
				FC05F3BF14E7C7977A277308 /* Pods_PinkBook.framework in Frameworks */,
			);
			runOnlyForDeploymentPostprocessing = 0;
		};
/* End PBXFrameworksBuildPhase section */

/* Begin PBXGroup section */
		0459499229F251B100A2CF95 = {
			isa = PBXGroup;
			children = (
				0459499D29F251B100A2CF95 /* PinkBook */,
				0459499C29F251B100A2CF95 /* Products */,
				699490360F672E4740731351 /* Pods */,
				5E68D27AB4E59F143BD3CEE1 /* Frameworks */,
			);
			sourceTree = "<group>";
		};
		0459499C29F251B100A2CF95 /* Products */ = {
			isa = PBXGroup;
			children = (
				0459499B29F251B100A2CF95 /* PinkBook.app */,
			);
			name = Products;
			sourceTree = "<group>";
		};
		0459499D29F251B100A2CF95 /* PinkBook */ = {
			isa = PBXGroup;
			children = (
				045949A429F251B100A2CF95 /* Main.storyboard */,
				045949D129F25DD300A2CF95 /* Common */,
				045949B629F259CB00A2CF95 /* Home */,
				045949B729F259D100A2CF95 /* Cart */,
				045949B829F259D900A2CF95 /* Plus */,
				045949B929F259E200A2CF95 /* Message */,
				045949B529F259C100A2CF95 /* Me */,
				0459499E29F251B100A2CF95 /* AppDelegate.swift */,
				045949A029F251B100A2CF95 /* SceneDelegate.swift */,
				045949AA29F251B200A2CF95 /* Assets.xcassets */,
				045949AC29F251B200A2CF95 /* LaunchScreen.storyboard */,
				045949AF29F251B200A2CF95 /* Info.plist */,
				045949A729F251B100A2CF95 /* PinkBook.xcdatamodeld */,
				0462732729FA496D006273EB /* InfoPlist.strings */,
				0462732A29FA4978006273EB /* Localizable.strings */,
				0462731B29FA3BBE006273EB /* README.md */,
				045E32352A1B6BAD00ACDD09 /* PinkBook-bridging-Header.h */,
			);
			path = PinkBook;
			sourceTree = "<group>";
		};
		045949B529F259C100A2CF95 /* Me */ = {
			isa = PBXGroup;
			children = (
				045949CE29F25B1200A2CF95 /* Controller */,
				045949CD29F25B0C00A2CF95 /* Model */,
				045949CC29F25B0500A2CF95 /* ViewModel */,
				045949CB29F25B0000A2CF95 /* View */,
			);
			path = Me;
			sourceTree = "<group>";
		};
		045949B629F259CB00A2CF95 /* Home */ = {
			isa = PBXGroup;
			children = (
				045949BA29F25A1800A2CF95 /* Controller */,
				045949BD29F25A3E00A2CF95 /* Model */,
				045949BC29F25A3600A2CF95 /* ViewModel */,
				045949BB29F25A2300A2CF95 /* View */,
			);
			path = Home;
			sourceTree = "<group>";
		};
		045949B729F259D100A2CF95 /* Cart */ = {
			isa = PBXGroup;
			children = (
				045949C129F25AB100A2CF95 /* Controller */,
				045949C029F25AAA00A2CF95 /* Model */,
				045949BF29F25AA300A2CF95 /* ViewModel */,
				045949BE29F25A9C00A2CF95 /* View */,
			);
			path = Cart;
			sourceTree = "<group>";
		};
		045949B829F259D900A2CF95 /* Plus */ = {
			isa = PBXGroup;
			children = (
				045949C529F25AD300A2CF95 /* Controller */,
				045949C429F25ACD00A2CF95 /* Model */,
				045949C329F25AC400A2CF95 /* ViewModel */,
				045949C229F25ABE00A2CF95 /* View */,
			);
			path = Plus;
			sourceTree = "<group>";
		};
		045949B929F259E200A2CF95 /* Message */ = {
			isa = PBXGroup;
			children = (
				045949CA29F25AF700A2CF95 /* Controller */,
				045949C929F25AF200A2CF95 /* Model */,
				045949C829F25AEB00A2CF95 /* ViewModel */,
				045949C729F25AE500A2CF95 /* View */,
			);
			path = Message;
			sourceTree = "<group>";
		};
		045949BA29F25A1800A2CF95 /* Controller */ = {
			isa = PBXGroup;
			children = (
				045949CF29F25DC900A2CF95 /* HomeViewController.swift */,
				045949DA29F26F6500A2CF95 /* FollowViewController.swift */,
				045949DC29F26FB000A2CF95 /* DiscoverViewController.swift */,
				045949DE29F26FCA00A2CF95 /* NearbyViewController.swift */,
				045949E229F6527900A2CF95 /* ListContainerViewController.swift */,
			);
			path = Controller;
			sourceTree = "<group>";
		};
		045949BB29F25A2300A2CF95 /* View */ = {
			isa = PBXGroup;
			children = (
				0482477A29F8D06000843EAB /* ListContainerCollectionViewCell.swift */,
			);
			path = View;
			sourceTree = "<group>";
		};
		045949BC29F25A3600A2CF95 /* ViewModel */ = {
			isa = PBXGroup;
			children = (
			);
			path = ViewModel;
			sourceTree = "<group>";
		};
		045949BD29F25A3E00A2CF95 /* Model */ = {
			isa = PBXGroup;
			children = (
				045949E029F299C700A2CF95 /* HomeModel.swift */,
			);
			path = Model;
			sourceTree = "<group>";
		};
		045949BE29F25A9C00A2CF95 /* View */ = {
			isa = PBXGroup;
			children = (
			);
			path = View;
			sourceTree = "<group>";
		};
		045949BF29F25AA300A2CF95 /* ViewModel */ = {
			isa = PBXGroup;
			children = (
			);
			path = ViewModel;
			sourceTree = "<group>";
		};
		045949C029F25AAA00A2CF95 /* Model */ = {
			isa = PBXGroup;
			children = (
			);
			path = Model;
			sourceTree = "<group>";
		};
		045949C129F25AB100A2CF95 /* Controller */ = {
			isa = PBXGroup;
			children = (
			);
			path = Controller;
			sourceTree = "<group>";
		};
		045949C229F25ABE00A2CF95 /* View */ = {
			isa = PBXGroup;
			children = (
				04965AB02A04E99C006D48EA /* NoteEditCell.swift */,
				04965AB22A06250D006D48EA /* NoteEditReusableView.swift */,
				0452C99B2A0CC57A001C5275 /* TextViewIAView.swift */,
				0452C9992A0CC505001C5275 /* TextViewIAView.xib */,
				04C04CC32A13883B00103532 /* ChannelTableViewCell.swift */,
				045E32362A1C6B4200ACDD09 /* POITableViewCell.swift */,
			);
			path = View;
			sourceTree = "<group>";
		};
		045949C329F25AC400A2CF95 /* ViewModel */ = {
			isa = PBXGroup;
			children = (
			);
			path = ViewModel;
			sourceTree = "<group>";
		};
		045949C429F25ACD00A2CF95 /* Model */ = {
			isa = PBXGroup;
			children = (
				04C04CBD2A124BF500103532 /* ListChannelViewController.swift */,
				04C04CBF2A124E6100103532 /* ChannelCollectionViewCell.swift */,
				0452C99D2A0CE56D001C5275 /* PlusModel.swift */,
			);
			path = Model;
			sourceTree = "<group>";
		};
		045949C529F25AD300A2CF95 /* Controller */ = {
			isa = PBXGroup;
			children = (
				0462732D29FA4D84006273EB /* PlusViewController.swift */,
				04965AAE2A04E80D006D48EA /* NoteEditViewController.swift */,
				0452C99F2A0CE9A6001C5275 /* ChannelViewController.swift */,
				04C04CC12A13822D00103532 /* ListChannelTableViewController.swift */,
				045E32332A1B5AE200ACDD09 /* POIViewController.swift */,
				045E32382A1C839200ACDD09 /* POIRequestLocation.swift */,
				045E323A2A1EF2FC00ACDD09 /* POIKeywordsSearchRequest.swift */,
			);
			path = Controller;
			sourceTree = "<group>";
		};
		045949C729F25AE500A2CF95 /* View */ = {
			isa = PBXGroup;
			children = (
			);
			path = View;
			sourceTree = "<group>";
		};
		045949C829F25AEB00A2CF95 /* ViewModel */ = {
			isa = PBXGroup;
			children = (
			);
			path = ViewModel;
			sourceTree = "<group>";
		};
		045949C929F25AF200A2CF95 /* Model */ = {
			isa = PBXGroup;
			children = (
			);
			path = Model;
			sourceTree = "<group>";
		};
		045949CA29F25AF700A2CF95 /* Controller */ = {
			isa = PBXGroup;
			children = (
			);
			path = Controller;
			sourceTree = "<group>";
		};
		045949CB29F25B0000A2CF95 /* View */ = {
			isa = PBXGroup;
			children = (
			);
			path = View;
			sourceTree = "<group>";
		};
		045949CC29F25B0500A2CF95 /* ViewModel */ = {
			isa = PBXGroup;
			children = (
			);
			path = ViewModel;
			sourceTree = "<group>";
		};
		045949CD29F25B0C00A2CF95 /* Model */ = {
			isa = PBXGroup;
			children = (
			);
			path = Model;
			sourceTree = "<group>";
		};
		045949CE29F25B1200A2CF95 /* Controller */ = {
			isa = PBXGroup;
			children = (
			);
			path = Controller;
			sourceTree = "<group>";
		};
		045949D129F25DD300A2CF95 /* Common */ = {
			isa = PBXGroup;
			children = (
				0482477C29F8D25300843EAB /* Constents.swift */,
				045949D229F25E2200A2CF95 /* BaseViewController.swift */,
				045949D429F25E8800A2CF95 /* BaseViewModel.swift */,
				045949D629F25EED00A2CF95 /* ColorExtension.swift */,
				045949D829F25F5D00A2CF95 /* FontExtension.swift */,
				0462732B29FA4BF6006273EB /* BaseTabBarViewController.swift */,
				04965AAC2A04C62D006D48EA /* ExtensionAll.swift */,
				0452C9952A0B5E37001C5275 /* LimitedTextView.swift */,
				0452C9972A0B5EC9001C5275 /* LimitedTextField.swift */,
			);
			path = Common;
			sourceTree = "<group>";
		};
		5E68D27AB4E59F143BD3CEE1 /* Frameworks */ = {
			isa = PBXGroup;
			children = (
				A2BCFB95186FB0A84CC12F1D /* Pods_PinkBook.framework */,
			);
			name = Frameworks;
			sourceTree = "<group>";
		};
		699490360F672E4740731351 /* Pods */ = {
			isa = PBXGroup;
			children = (
				899780B03B28B829C64461BB /* Pods-PinkBook.debug.xcconfig */,
				1B6E707C486A179323367821 /* Pods-PinkBook.release.xcconfig */,
			);
			path = Pods;
			sourceTree = "<group>";
		};
/* End PBXGroup section */

/* Begin PBXNativeTarget section */
		0459499A29F251B100A2CF95 /* PinkBook */ = {
			isa = PBXNativeTarget;
			buildConfigurationList = 045949B229F251B200A2CF95 /* Build configuration list for PBXNativeTarget "PinkBook" */;
			buildPhases = (
				A64B30A2D9D72200331EE110 /* [CP] Check Pods Manifest.lock */,
				0459499729F251B100A2CF95 /* Sources */,
				0459499829F251B100A2CF95 /* Frameworks */,
				0459499929F251B100A2CF95 /* Resources */,
				39DCBE3E5155DF926751E989 /* [CP] Embed Pods Frameworks */,
			);
			buildRules = (
			);
			dependencies = (
			);
			name = PinkBook;
			productName = PinkBook;
			productReference = 0459499B29F251B100A2CF95 /* PinkBook.app */;
			productType = "com.apple.product-type.application";
		};
/* End PBXNativeTarget section */

/* Begin PBXProject section */
		0459499329F251B100A2CF95 /* Project object */ = {
			isa = PBXProject;
			attributes = {
				BuildIndependentTargetsInParallel = 1;
				LastSwiftUpdateCheck = 1430;
				LastUpgradeCheck = 1430;
				TargetAttributes = {
					0459499A29F251B100A2CF95 = {
						CreatedOnToolsVersion = 14.3;
					};
				};
			};
			buildConfigurationList = 0459499629F251B100A2CF95 /* Build configuration list for PBXProject "PinkBook" */;
			compatibilityVersion = "Xcode 14.0";
			developmentRegion = en;
			hasScannedForEncodings = 0;
			knownRegions = (
				en,
				Base,
				"zh-Hans",
			);
			mainGroup = 0459499229F251B100A2CF95;
			productRefGroup = 0459499C29F251B100A2CF95 /* Products */;
			projectDirPath = "";
			projectRoot = "";
			targets = (
				0459499A29F251B100A2CF95 /* PinkBook */,
			);
		};
/* End PBXProject section */

/* Begin PBXResourcesBuildPhase section */
		0459499929F251B100A2CF95 /* Resources */ = {
			isa = PBXResourcesBuildPhase;
			buildActionMask = 2147483647;
			files = (
				0462732829FA4978006273EB /* Localizable.strings in Resources */,
				0462732529FA496D006273EB /* InfoPlist.strings in Resources */,
				045949AE29F251B200A2CF95 /* LaunchScreen.storyboard in Resources */,
				045949AB29F251B200A2CF95 /* Assets.xcassets in Resources */,
				0462731C29FA3BBE006273EB /* README.md in Resources */,
				045949A629F251B100A2CF95 /* Main.storyboard in Resources */,
				0452C99A2A0CC505001C5275 /* TextViewIAView.xib in Resources */,
			);
			runOnlyForDeploymentPostprocessing = 0;
		};
/* End PBXResourcesBuildPhase section */

/* Begin PBXShellScriptBuildPhase section */
		39DCBE3E5155DF926751E989 /* [CP] Embed Pods Frameworks */ = {
			isa = PBXShellScriptBuildPhase;
			buildActionMask = 2147483647;
			files = (
			);
			inputFileListPaths = (
				"${PODS_ROOT}/Target Support Files/Pods-PinkBook/Pods-PinkBook-frameworks-${CONFIGURATION}-input-files.xcfilelist",
			);
			name = "[CP] Embed Pods Frameworks";
			outputFileListPaths = (
				"${PODS_ROOT}/Target Support Files/Pods-PinkBook/Pods-PinkBook-frameworks-${CONFIGURATION}-output-files.xcfilelist",
			);
			runOnlyForDeploymentPostprocessing = 0;
			shellPath = /bin/sh;
			shellScript = "\"${PODS_ROOT}/Target Support Files/Pods-PinkBook/Pods-PinkBook-frameworks.sh\"\n";
			showEnvVarsInLog = 0;
		};
		A64B30A2D9D72200331EE110 /* [CP] Check Pods Manifest.lock */ = {
			isa = PBXShellScriptBuildPhase;
			buildActionMask = 2147483647;
			files = (
			);
			inputFileListPaths = (
			);
			inputPaths = (
				"${PODS_PODFILE_DIR_PATH}/Podfile.lock",
				"${PODS_ROOT}/Manifest.lock",
			);
			name = "[CP] Check Pods Manifest.lock";
			outputFileListPaths = (
			);
			outputPaths = (
				"$(DERIVED_FILE_DIR)/Pods-PinkBook-checkManifestLockResult.txt",
			);
			runOnlyForDeploymentPostprocessing = 0;
			shellPath = /bin/sh;
			shellScript = "diff \"${PODS_PODFILE_DIR_PATH}/Podfile.lock\" \"${PODS_ROOT}/Manifest.lock\" > /dev/null\nif [ $? != 0 ] ; then\n    # print error to STDERR\n    echo \"error: The sandbox is not in sync with the Podfile.lock. Run 'pod install' or update your CocoaPods installation.\" >&2\n    exit 1\nfi\n# This output is used by Xcode 'outputs' to avoid re-running this script phase.\necho \"SUCCESS\" > \"${SCRIPT_OUTPUT_FILE_0}\"\n";
			showEnvVarsInLog = 0;
		};
/* End PBXShellScriptBuildPhase section */

/* Begin PBXSourcesBuildPhase section */
		0459499729F251B100A2CF95 /* Sources */ = {
			isa = PBXSourcesBuildPhase;
			buildActionMask = 2147483647;
			files = (
				045949D329F25E2200A2CF95 /* BaseViewController.swift in Sources */,
				0482477D29F8D25300843EAB /* Constents.swift in Sources */,
				04C04CC02A124E6100103532 /* ChannelCollectionViewCell.swift in Sources */,
				0459499F29F251B100A2CF95 /* AppDelegate.swift in Sources */,
				045E32392A1C839200ACDD09 /* POIRequestLocation.swift in Sources */,
				045949D929F25F5D00A2CF95 /* FontExtension.swift in Sources */,
				0452C99C2A0CC57A001C5275 /* TextViewIAView.swift in Sources */,
				0452C9962A0B5E37001C5275 /* LimitedTextView.swift in Sources */,
				0462732E29FA4D84006273EB /* PlusViewController.swift in Sources */,
				045949DB29F26F6500A2CF95 /* FollowViewController.swift in Sources */,
				04965AAF2A04E80D006D48EA /* NoteEditViewController.swift in Sources */,
				045949A929F251B100A2CF95 /* PinkBook.xcdatamodeld in Sources */,
				04965AAD2A04C62D006D48EA /* ExtensionAll.swift in Sources */,
				045949A129F251B100A2CF95 /* SceneDelegate.swift in Sources */,
				0452C9982A0B5EC9001C5275 /* LimitedTextField.swift in Sources */,
				0482477B29F8D06000843EAB /* ListContainerCollectionViewCell.swift in Sources */,
				045949D029F25DC900A2CF95 /* HomeViewController.swift in Sources */,
				045949DF29F26FCA00A2CF95 /* NearbyViewController.swift in Sources */,
				04965AB12A04E99C006D48EA /* NoteEditCell.swift in Sources */,
				045949E129F299C700A2CF95 /* HomeModel.swift in Sources */,
				0452C9A02A0CE9A6001C5275 /* ChannelViewController.swift in Sources */,
				045E32342A1B5AE200ACDD09 /* POIViewController.swift in Sources */,
				045E323B2A1EF2FC00ACDD09 /* POIKeywordsSearchRequest.swift in Sources */,
				045949D729F25EED00A2CF95 /* ColorExtension.swift in Sources */,
				04C04CC22A13822D00103532 /* ListChannelTableViewController.swift in Sources */,
				045949D529F25E8800A2CF95 /* BaseViewModel.swift in Sources */,
				045949DD29F26FB000A2CF95 /* DiscoverViewController.swift in Sources */,
				045949E329F6527900A2CF95 /* ListContainerViewController.swift in Sources */,
				04C04CBE2A124BF500103532 /* ListChannelViewController.swift in Sources */,
				0452C99E2A0CE56D001C5275 /* PlusModel.swift in Sources */,
				045E32372A1C6B4200ACDD09 /* POITableViewCell.swift in Sources */,
				0462732C29FA4BF6006273EB /* BaseTabBarViewController.swift in Sources */,
				04965AB32A06250D006D48EA /* NoteEditReusableView.swift in Sources */,
				04C04CC42A13883B00103532 /* ChannelTableViewCell.swift in Sources */,
			);
			runOnlyForDeploymentPostprocessing = 0;
		};
/* End PBXSourcesBuildPhase section */

/* Begin PBXVariantGroup section */
		045949A429F251B100A2CF95 /* Main.storyboard */ = {
			isa = PBXVariantGroup;
			children = (
				045949A529F251B100A2CF95 /* Base */,
				0462731D29FA3D96006273EB /* zh-Hans */,
			);
			name = Main.storyboard;
			sourceTree = "<group>";
		};
		045949AC29F251B200A2CF95 /* LaunchScreen.storyboard */ = {
			isa = PBXVariantGroup;
			children = (
				045949AD29F251B200A2CF95 /* Base */,
				0462731E29FA3D96006273EB /* zh-Hans */,
			);
			name = LaunchScreen.storyboard;
			sourceTree = "<group>";
		};
		0462732729FA496D006273EB /* InfoPlist.strings */ = {
			isa = PBXVariantGroup;
			children = (
				0462732629FA496D006273EB /* zh-Hans */,
			);
			name = InfoPlist.strings;
			sourceTree = "<group>";
		};
		0462732A29FA4978006273EB /* Localizable.strings */ = {
			isa = PBXVariantGroup;
			children = (
				0462732929FA4978006273EB /* zh-Hans */,
			);
			name = Localizable.strings;
			sourceTree = "<group>";
		};
/* End PBXVariantGroup section */

/* Begin XCBuildConfiguration section */
		045949B029F251B200A2CF95 /* Debug */ = {
			isa = XCBuildConfiguration;
			buildSettings = {
				ALWAYS_SEARCH_USER_PATHS = NO;
				CLANG_ANALYZER_LOCALIZABILITY_NONLOCALIZED = YES;
				CLANG_ANALYZER_NONNULL = YES;
				CLANG_ANALYZER_NUMBER_OBJECT_CONVERSION = YES_AGGRESSIVE;
				CLANG_CXX_LANGUAGE_STANDARD = "gnu++20";
				CLANG_ENABLE_MODULES = YES;
				CLANG_ENABLE_OBJC_ARC = YES;
				CLANG_ENABLE_OBJC_WEAK = YES;
				CLANG_WARN_BLOCK_CAPTURE_AUTORELEASING = YES;
				CLANG_WARN_BOOL_CONVERSION = YES;
				CLANG_WARN_COMMA = YES;
				CLANG_WARN_CONSTANT_CONVERSION = YES;
				CLANG_WARN_DEPRECATED_OBJC_IMPLEMENTATIONS = YES;
				CLANG_WARN_DIRECT_OBJC_ISA_USAGE = YES_ERROR;
				CLANG_WARN_DOCUMENTATION_COMMENTS = YES;
				CLANG_WARN_EMPTY_BODY = YES;
				CLANG_WARN_ENUM_CONVERSION = YES;
				CLANG_WARN_INFINITE_RECURSION = YES;
				CLANG_WARN_INT_CONVERSION = YES;
				CLANG_WARN_NON_LITERAL_NULL_CONVERSION = YES;
				CLANG_WARN_OBJC_IMPLICIT_RETAIN_SELF = YES;
				CLANG_WARN_OBJC_LITERAL_CONVERSION = YES;
				CLANG_WARN_OBJC_ROOT_CLASS = YES_ERROR;
				CLANG_WARN_QUOTED_INCLUDE_IN_FRAMEWORK_HEADER = YES;
				CLANG_WARN_RANGE_LOOP_ANALYSIS = YES;
				CLANG_WARN_STRICT_PROTOTYPES = YES;
				CLANG_WARN_SUSPICIOUS_MOVE = YES;
				CLANG_WARN_UNGUARDED_AVAILABILITY = YES_AGGRESSIVE;
				CLANG_WARN_UNREACHABLE_CODE = YES;
				CLANG_WARN__DUPLICATE_METHOD_MATCH = YES;
				COPY_PHASE_STRIP = NO;
				DEBUG_INFORMATION_FORMAT = dwarf;
				ENABLE_STRICT_OBJC_MSGSEND = YES;
				ENABLE_TESTABILITY = YES;
				GCC_C_LANGUAGE_STANDARD = gnu11;
				GCC_DYNAMIC_NO_PIC = NO;
				GCC_NO_COMMON_BLOCKS = YES;
				GCC_OPTIMIZATION_LEVEL = 0;
				GCC_PREPROCESSOR_DEFINITIONS = (
					"DEBUG=1",
					"$(inherited)",
				);
				GCC_WARN_64_TO_32_BIT_CONVERSION = YES;
				GCC_WARN_ABOUT_RETURN_TYPE = YES_ERROR;
				GCC_WARN_UNDECLARED_SELECTOR = YES;
				GCC_WARN_UNINITIALIZED_AUTOS = YES_AGGRESSIVE;
				GCC_WARN_UNUSED_FUNCTION = YES;
				GCC_WARN_UNUSED_VARIABLE = YES;
				IPHONEOS_DEPLOYMENT_TARGET = 16.4;
				MTL_ENABLE_DEBUG_INFO = INCLUDE_SOURCE;
				MTL_FAST_MATH = YES;
				ONLY_ACTIVE_ARCH = YES;
				SDKROOT = iphoneos;
				SWIFT_ACTIVE_COMPILATION_CONDITIONS = DEBUG;
				SWIFT_OPTIMIZATION_LEVEL = "-Onone";
			};
			name = Debug;
		};
		045949B129F251B200A2CF95 /* Release */ = {
			isa = XCBuildConfiguration;
			buildSettings = {
				ALWAYS_SEARCH_USER_PATHS = NO;
				CLANG_ANALYZER_LOCALIZABILITY_NONLOCALIZED = YES;
				CLANG_ANALYZER_NONNULL = YES;
				CLANG_ANALYZER_NUMBER_OBJECT_CONVERSION = YES_AGGRESSIVE;
				CLANG_CXX_LANGUAGE_STANDARD = "gnu++20";
				CLANG_ENABLE_MODULES = YES;
				CLANG_ENABLE_OBJC_ARC = YES;
				CLANG_ENABLE_OBJC_WEAK = YES;
				CLANG_WARN_BLOCK_CAPTURE_AUTORELEASING = YES;
				CLANG_WARN_BOOL_CONVERSION = YES;
				CLANG_WARN_COMMA = YES;
				CLANG_WARN_CONSTANT_CONVERSION = YES;
				CLANG_WARN_DEPRECATED_OBJC_IMPLEMENTATIONS = YES;
				CLANG_WARN_DIRECT_OBJC_ISA_USAGE = YES_ERROR;
				CLANG_WARN_DOCUMENTATION_COMMENTS = YES;
				CLANG_WARN_EMPTY_BODY = YES;
				CLANG_WARN_ENUM_CONVERSION = YES;
				CLANG_WARN_INFINITE_RECURSION = YES;
				CLANG_WARN_INT_CONVERSION = YES;
				CLANG_WARN_NON_LITERAL_NULL_CONVERSION = YES;
				CLANG_WARN_OBJC_IMPLICIT_RETAIN_SELF = YES;
				CLANG_WARN_OBJC_LITERAL_CONVERSION = YES;
				CLANG_WARN_OBJC_ROOT_CLASS = YES_ERROR;
				CLANG_WARN_QUOTED_INCLUDE_IN_FRAMEWORK_HEADER = YES;
				CLANG_WARN_RANGE_LOOP_ANALYSIS = YES;
				CLANG_WARN_STRICT_PROTOTYPES = YES;
				CLANG_WARN_SUSPICIOUS_MOVE = YES;
				CLANG_WARN_UNGUARDED_AVAILABILITY = YES_AGGRESSIVE;
				CLANG_WARN_UNREACHABLE_CODE = YES;
				CLANG_WARN__DUPLICATE_METHOD_MATCH = YES;
				COPY_PHASE_STRIP = NO;
				DEBUG_INFORMATION_FORMAT = "dwarf-with-dsym";
				ENABLE_NS_ASSERTIONS = NO;
				ENABLE_STRICT_OBJC_MSGSEND = YES;
				GCC_C_LANGUAGE_STANDARD = gnu11;
				GCC_NO_COMMON_BLOCKS = YES;
				GCC_WARN_64_TO_32_BIT_CONVERSION = YES;
				GCC_WARN_ABOUT_RETURN_TYPE = YES_ERROR;
				GCC_WARN_UNDECLARED_SELECTOR = YES;
				GCC_WARN_UNINITIALIZED_AUTOS = YES_AGGRESSIVE;
				GCC_WARN_UNUSED_FUNCTION = YES;
				GCC_WARN_UNUSED_VARIABLE = YES;
				IPHONEOS_DEPLOYMENT_TARGET = 16.4;
				MTL_ENABLE_DEBUG_INFO = NO;
				MTL_FAST_MATH = YES;
				SDKROOT = iphoneos;
				SWIFT_COMPILATION_MODE = wholemodule;
				SWIFT_OPTIMIZATION_LEVEL = "-O";
				VALIDATE_PRODUCT = YES;
			};
			name = Release;
		};
		045949B329F251B200A2CF95 /* Debug */ = {
			isa = XCBuildConfiguration;
			baseConfigurationReference = 899780B03B28B829C64461BB /* Pods-PinkBook.debug.xcconfig */;
			buildSettings = {
				ASSETCATALOG_COMPILER_APPICON_NAME = AppIcon;
				ASSETCATALOG_COMPILER_GLOBAL_ACCENT_COLOR_NAME = AccentColor;
				CODE_SIGN_STYLE = Automatic;
				CURRENT_PROJECT_VERSION = 1;
				DEVELOPMENT_TEAM = 7DR2VQYR3G;
				GENERATE_INFOPLIST_FILE = YES;
				INFOPLIST_FILE = PinkBook/Info.plist;
				INFOPLIST_KEY_CFBundleDisplayName = "小红书ol";
				INFOPLIST_KEY_NSCameraUsageDescription = "打开后可以拍照和视频";
				INFOPLIST_KEY_NSMicrophoneUsageDescription = "打开后可以使用麦克风";
				INFOPLIST_KEY_NSPhotoLibraryAddUsageDescription = "打开后可以存储照片和视频";
				INFOPLIST_KEY_NSPhotoLibraryUsageDescription = "打开后可以选择视频和照片";
				INFOPLIST_KEY_UIApplicationSupportsIndirectInputEvents = YES;
				INFOPLIST_KEY_UILaunchStoryboardName = LaunchScreen;
				INFOPLIST_KEY_UIMainStoryboardFile = Main;
				INFOPLIST_KEY_UISupportedInterfaceOrientations = UIInterfaceOrientationPortrait;
				INFOPLIST_KEY_UISupportedInterfaceOrientations_iPad = "UIInterfaceOrientationLandscapeLeft UIInterfaceOrientationLandscapeRight UIInterfaceOrientationPortrait UIInterfaceOrientationPortraitUpsideDown";
				IPHONEOS_DEPLOYMENT_TARGET = 15.0;
				LD_RUNPATH_SEARCH_PATHS = (
					"$(inherited)",
					"@executable_path/Frameworks",
				);
				MARKETING_VERSION = 1.0;
				PRODUCT_BUNDLE_IDENTIFIER = com.beidixiaoxiong.PinkBook;
				PRODUCT_NAME = "$(TARGET_NAME)";
				SUPPORTED_PLATFORMS = "iphoneos iphonesimulator";
				SUPPORTS_MACCATALYST = NO;
				SUPPORTS_MAC_DESIGNED_FOR_IPHONE_IPAD = NO;
				SWIFT_EMIT_LOC_STRINGS = YES;
				SWIFT_OBJC_BRIDGING_HEADER = "PinkBook/PinkBook-bridging-Header.h";
				SWIFT_VERSION = 5.0;
				TARGETED_DEVICE_FAMILY = 1;
			};
			name = Debug;
		};
		045949B429F251B200A2CF95 /* Release */ = {
			isa = XCBuildConfiguration;
			baseConfigurationReference = 1B6E707C486A179323367821 /* Pods-PinkBook.release.xcconfig */;
			buildSettings = {
				ASSETCATALOG_COMPILER_APPICON_NAME = AppIcon;
				ASSETCATALOG_COMPILER_GLOBAL_ACCENT_COLOR_NAME = AccentColor;
				CODE_SIGN_STYLE = Automatic;
				CURRENT_PROJECT_VERSION = 1;
				DEVELOPMENT_TEAM = 7DR2VQYR3G;
				GENERATE_INFOPLIST_FILE = YES;
				INFOPLIST_FILE = PinkBook/Info.plist;
				INFOPLIST_KEY_CFBundleDisplayName = "小红书ol";
				INFOPLIST_KEY_NSCameraUsageDescription = "打开后可以拍照和视频";
				INFOPLIST_KEY_NSMicrophoneUsageDescription = "打开后可以使用麦克风";
				INFOPLIST_KEY_NSPhotoLibraryAddUsageDescription = "打开后可以存储照片和视频";
				INFOPLIST_KEY_NSPhotoLibraryUsageDescription = "打开后可以选择视频和照片";
				INFOPLIST_KEY_UIApplicationSupportsIndirectInputEvents = YES;
				INFOPLIST_KEY_UILaunchStoryboardName = LaunchScreen;
				INFOPLIST_KEY_UIMainStoryboardFile = Main;
				INFOPLIST_KEY_UISupportedInterfaceOrientations = UIInterfaceOrientationPortrait;
				INFOPLIST_KEY_UISupportedInterfaceOrientations_iPad = "UIInterfaceOrientationLandscapeLeft UIInterfaceOrientationLandscapeRight UIInterfaceOrientationPortrait UIInterfaceOrientationPortraitUpsideDown";
				IPHONEOS_DEPLOYMENT_TARGET = 15.0;
				LD_RUNPATH_SEARCH_PATHS = (
					"$(inherited)",
					"@executable_path/Frameworks",
				);
				MARKETING_VERSION = 1.0;
				PRODUCT_BUNDLE_IDENTIFIER = com.beidixiaoxiong.PinkBook;
				PRODUCT_NAME = "$(TARGET_NAME)";
				SUPPORTED_PLATFORMS = "iphoneos iphonesimulator";
				SUPPORTS_MACCATALYST = NO;
				SUPPORTS_MAC_DESIGNED_FOR_IPHONE_IPAD = NO;
				SWIFT_EMIT_LOC_STRINGS = YES;
				SWIFT_OBJC_BRIDGING_HEADER = "PinkBook/PinkBook-bridging-Header.h";
				SWIFT_VERSION = 5.0;
				TARGETED_DEVICE_FAMILY = 1;
			};
			name = Release;
		};
/* End XCBuildConfiguration section */

/* Begin XCConfigurationList section */
		0459499629F251B100A2CF95 /* Build configuration list for PBXProject "PinkBook" */ = {
			isa = XCConfigurationList;
			buildConfigurations = (
				045949B029F251B200A2CF95 /* Debug */,
				045949B129F251B200A2CF95 /* Release */,
			);
			defaultConfigurationIsVisible = 0;
			defaultConfigurationName = Release;
		};
		045949B229F251B200A2CF95 /* Build configuration list for PBXNativeTarget "PinkBook" */ = {
			isa = XCConfigurationList;
			buildConfigurations = (
				045949B329F251B200A2CF95 /* Debug */,
				045949B429F251B200A2CF95 /* Release */,
			);
			defaultConfigurationIsVisible = 0;
			defaultConfigurationName = Release;
		};
/* End XCConfigurationList section */

/* Begin XCVersionGroup section */
		045949A729F251B100A2CF95 /* PinkBook.xcdatamodeld */ = {
			isa = XCVersionGroup;
			children = (
				045949A829F251B100A2CF95 /* PinkBook.xcdatamodel */,
			);
			currentVersion = 045949A829F251B100A2CF95 /* PinkBook.xcdatamodel */;
			path = PinkBook.xcdatamodeld;
			sourceTree = "<group>";
			versionGroupType = wrapper.xcdatamodel;
		};
/* End XCVersionGroup section */
	};
	rootObject = 0459499329F251B100A2CF95 /* Project object */;
}
